
Microsoft Visual Studio Solution File, Format Version 12.00
# Visual Studio Version 16
VisualStudioVersion = 16.0.28922.388
MinimumVisualStudioVersion = 10.0.40219.1
Project("{9A19103F-16F7-4668-BE54-9A1E7A4F7556}") = "DemoApplication.Entities", "Entities\DemoApplication.Entities.csproj", "{BA2E34B7-4D4E-4590-93C9-613E7F5A68D3}"
EndProject
Project("{9A19103F-16F7-4668-BE54-9A1E7A4F7556}") = "DemoApplicaiton.DataAccessLayer", "DemoApplicaiton.DataAccessLayer\DemoApplicaiton.DataAccessLayer.csproj", "{6FFCD458-F399-4EB0-BE4A-D4F42F112917}"
EndProject
Project("{FAE04EC0-301F-11D3-BF4B-00C04F79EFBC}") = "DemoApplication.BusinessLayer", "DemoApplication.BusinessLayer\DemoApplication.BusinessLayer.csproj", "{A013E28B-7012-4308-9EFE-59F71F4907EF}"
EndProject
Project("{FAE04EC0-301F-11D3-BF4B-00C04F79EFBC}") = "DemoApplication.API", "DemoApplication.API\DemoApplication.API.csproj", "{DC5C4753-C11A-43B4-85F9-535AC4DF9B69}"
EndProject
Project("{FAE04EC0-301F-11D3-BF4B-00C04F79EFBC}") = "DTO", "DTO\DTO.csproj", "{87B2A061-A00A-4BA2-B460-A2C72724CB8F}"
EndProject
Global
	GlobalSection(SolutionConfigurationPlatforms) = preSolution
		Debug|Any CPU = Debug|Any CPU
		Release|Any CPU = Release|Any CPU
	EndGlobalSection
	GlobalSection(ProjectConfigurationPlatforms) = postSolution
		{BA2E34B7-4D4E-4590-93C9-613E7F5A68D3}.Debug|Any CPU.ActiveCfg = Debug|Any CPU
		{BA2E34B7-4D4E-4590-93C9-613E7F5A68D3}.Debug|Any CPU.Build.0 = Debug|Any CPU
		{BA2E34B7-4D4E-4590-93C9-613E7F5A68D3}.Release|Any CPU.ActiveCfg = Release|Any CPU
		{BA2E34B7-4D4E-4590-93C9-613E7F5A68D3}.Release|Any CPU.Build.0 = Release|Any CPU
		{6FFCD458-F399-4EB0-BE4A-D4F42F112917}.Debug|Any CPU.ActiveCfg = Debug|Any CPU
		{6FFCD458-F399-4EB0-BE4A-D4F42F112917}.Debug|Any CPU.Build.0 = Debug|Any CPU
		{6FFCD458-F399-4EB0-BE4A-D4F42F112917}.Release|Any CPU.ActiveCfg = Release|Any CPU
		{6FFCD458-F399-4EB0-BE4A-D4F42F112917}.Release|Any CPU.Build.0 = Release|Any CPU
		{A013E28B-7012-4308-9EFE-59F71F4907EF}.Debug|Any CPU.ActiveCfg = Debug|Any CPU
		{A013E28B-7012-4308-9EFE-59F71F4907EF}.Debug|Any CPU.Build.0 = Debug|Any CPU
		{A013E28B-7012-4308-9EFE-59F71F4907EF}.Release|Any CPU.ActiveCfg = Release|Any CPU
		{A013E28B-7012-4308-9EFE-59F71F4907EF}.Release|Any CPU.Build.0 = Release|Any CPU
		{DC5C4753-C11A-43B4-85F9-535AC4DF9B69}.Debug|Any CPU.ActiveCfg = Debug|Any CPU
		{DC5C4753-C11A-43B4-85F9-535AC4DF9B69}.Debug|Any CPU.Build.0 = Debug|Any CPU
		{DC5C4753-C11A-43B4-85F9-535AC4DF9B69}.Release|Any CPU.ActiveCfg = Release|Any CPU
		{DC5C4753-C11A-43B4-85F9-535AC4DF9B69}.Release|Any CPU.Build.0 = Release|Any CPU
		{87B2A061-A00A-4BA2-B460-A2C72724CB8F}.Debug|Any CPU.ActiveCfg = Debug|Any CPU
		{87B2A061-A00A-4BA2-B460-A2C72724CB8F}.Debug|Any CPU.Build.0 = Debug|Any CPU
		{87B2A061-A00A-4BA2-B460-A2C72724CB8F}.Release|Any CPU.ActiveCfg = Release|Any CPU
		{87B2A061-A00A-4BA2-B460-A2C72724CB8F}.Release|Any CPU.Build.0 = Release|Any CPU
	EndGlobalSection
	GlobalSection(SolutionProperties) = preSolution
		HideSolutionNode = FALSE
	EndGlobalSection
	GlobalSection(ExtensibilityGlobals) = postSolution
		SolutionGuid = {35093350-6FDC-42AF-8830-07A8F9A59FD8}
	EndGlobalSection
EndGlobal
